// !$*UTF8*$!
{
	archiveVersion = 1;
	classes = {
	};
	objectVersion = 77;
	objects = {

/* Begin PBXBuildFile section */
		741CC42F8AC71F2C248B538B /* Pods_CrashlyticsLaunchDarklyDemo.framework in Frameworks */ = {isa = PBXBuildFile; fileRef = FAAAC9E46958A0C6498B66E6 /* Pods_CrashlyticsLaunchDarklyDemo.framework */; };
		E093220012F657A81784681F /* Pods_CrashlyticsLaunchDarklyDemo_CrashlyticsLaunchDarklyDemoUITests.framework in Frameworks */ = {isa = PBXBuildFile; fileRef = 4A74363D86E337DC861598EB /* Pods_CrashlyticsLaunchDarklyDemo_CrashlyticsLaunchDarklyDemoUITests.framework */; };
		E844561F04C1EBCF18724975 /* Pods_CrashlyticsLaunchDarklyDemoTests.framework in Frameworks */ = {isa = PBXBuildFile; fileRef = 080509B6BDB62A697DD9C6AF /* Pods_CrashlyticsLaunchDarklyDemoTests.framework */; };
/* End PBXBuildFile section */

/* Begin PBXContainerItemProxy section */
		2B4DE1352D8B25700094FDC1 /* PBXContainerItemProxy */ = {
			isa = PBXContainerItemProxy;
			containerPortal = 2B4DE11C2D8B256F0094FDC1 /* Project object */;
			proxyType = 1;
			remoteGlobalIDString = 2B4DE1232D8B256F0094FDC1;
			remoteInfo = CrashlyticsLaunchDarklyDemo;
		};
		2B4DE13F2D8B25700094FDC1 /* PBXContainerItemProxy */ = {
			isa = PBXContainerItemProxy;
			containerPortal = 2B4DE11C2D8B256F0094FDC1 /* Project object */;
			proxyType = 1;
			remoteGlobalIDString = 2B4DE1232D8B256F0094FDC1;
			remoteInfo = CrashlyticsLaunchDarklyDemo;
		};
/* End PBXContainerItemProxy section */

/* Begin PBXFileReference section */
		080509B6BDB62A697DD9C6AF /* Pods_CrashlyticsLaunchDarklyDemoTests.framework */ = {isa = PBXFileReference; explicitFileType = wrapper.framework; includeInIndex = 0; path = Pods_CrashlyticsLaunchDarklyDemoTests.framework; sourceTree = BUILT_PRODUCTS_DIR; };
		103C9DDCB61D0E56A2369CD5 /* Pods-CrashlyticsLaunchDarklyDemo.debug.xcconfig */ = {isa = PBXFileReference; includeInIndex = 1; lastKnownFileType = text.xcconfig; name = "Pods-CrashlyticsLaunchDarklyDemo.debug.xcconfig"; path = "Target Support Files/Pods-CrashlyticsLaunchDarklyDemo/Pods-CrashlyticsLaunchDarklyDemo.debug.xcconfig"; sourceTree = "<group>"; };
		2B4DE1242D8B256F0094FDC1 /* CrashlyticsLaunchDarklyDemo.app */ = {isa = PBXFileReference; explicitFileType = wrapper.application; includeInIndex = 0; path = CrashlyticsLaunchDarklyDemo.app; sourceTree = BUILT_PRODUCTS_DIR; };
		2B4DE1342D8B25700094FDC1 /* CrashlyticsLaunchDarklyDemoTests.xctest */ = {isa = PBXFileReference; explicitFileType = wrapper.cfbundle; includeInIndex = 0; path = CrashlyticsLaunchDarklyDemoTests.xctest; sourceTree = BUILT_PRODUCTS_DIR; };
		2B4DE13E2D8B25700094FDC1 /* CrashlyticsLaunchDarklyDemoUITests.xctest */ = {isa = PBXFileReference; explicitFileType = wrapper.cfbundle; includeInIndex = 0; path = CrashlyticsLaunchDarklyDemoUITests.xctest; sourceTree = BUILT_PRODUCTS_DIR; };
		4A74363D86E337DC861598EB /* Pods_CrashlyticsLaunchDarklyDemo_CrashlyticsLaunchDarklyDemoUITests.framework */ = {isa = PBXFileReference; explicitFileType = wrapper.framework; includeInIndex = 0; path = Pods_CrashlyticsLaunchDarklyDemo_CrashlyticsLaunchDarklyDemoUITests.framework; sourceTree = BUILT_PRODUCTS_DIR; };
		4FC79B2E067103CB67A5B4F6 /* Pods-CrashlyticsLaunchDarklyDemo.release.xcconfig */ = {isa = PBXFileReference; includeInIndex = 1; lastKnownFileType = text.xcconfig; name = "Pods-CrashlyticsLaunchDarklyDemo.release.xcconfig"; path = "Target Support Files/Pods-CrashlyticsLaunchDarklyDemo/Pods-CrashlyticsLaunchDarklyDemo.release.xcconfig"; sourceTree = "<group>"; };
		74183C10D1B187216D97E048 /* Pods-CrashlyticsLaunchDarklyDemo-CrashlyticsLaunchDarklyDemoUITests.release.xcconfig */ = {isa = PBXFileReference; includeInIndex = 1; lastKnownFileType = text.xcconfig; name = "Pods-CrashlyticsLaunchDarklyDemo-CrashlyticsLaunchDarklyDemoUITests.release.xcconfig"; path = "Target Support Files/Pods-CrashlyticsLaunchDarklyDemo-CrashlyticsLaunchDarklyDemoUITests/Pods-CrashlyticsLaunchDarklyDemo-CrashlyticsLaunchDarklyDemoUITests.release.xcconfig"; sourceTree = "<group>"; };
		77D4A070FF0BD1036F10E5DA /* Pods-CrashlyticsLaunchDarklyDemoTests.debug.xcconfig */ = {isa = PBXFileReference; includeInIndex = 1; lastKnownFileType = text.xcconfig; name = "Pods-CrashlyticsLaunchDarklyDemoTests.debug.xcconfig"; path = "Target Support Files/Pods-CrashlyticsLaunchDarklyDemoTests/Pods-CrashlyticsLaunchDarklyDemoTests.debug.xcconfig"; sourceTree = "<group>"; };
		A8903AC9C94CA00866E161AC /* Pods-CrashlyticsLaunchDarklyDemo-CrashlyticsLaunchDarklyDemoUITests.debug.xcconfig */ = {isa = PBXFileReference; includeInIndex = 1; lastKnownFileType = text.xcconfig; name = "Pods-CrashlyticsLaunchDarklyDemo-CrashlyticsLaunchDarklyDemoUITests.debug.xcconfig"; path = "Target Support Files/Pods-CrashlyticsLaunchDarklyDemo-CrashlyticsLaunchDarklyDemoUITests/Pods-CrashlyticsLaunchDarklyDemo-CrashlyticsLaunchDarklyDemoUITests.debug.xcconfig"; sourceTree = "<group>"; };
		CCA8DD266961EC954610E9DB /* Pods-CrashlyticsLaunchDarklyDemoTests.release.xcconfig */ = {isa = PBXFileReference; includeInIndex = 1; lastKnownFileType = text.xcconfig; name = "Pods-CrashlyticsLaunchDarklyDemoTests.release.xcconfig"; path = "Target Support Files/Pods-CrashlyticsLaunchDarklyDemoTests/Pods-CrashlyticsLaunchDarklyDemoTests.release.xcconfig"; sourceTree = "<group>"; };
		FAAAC9E46958A0C6498B66E6 /* Pods_CrashlyticsLaunchDarklyDemo.framework */ = {isa = PBXFileReference; explicitFileType = wrapper.framework; includeInIndex = 0; path = Pods_CrashlyticsLaunchDarklyDemo.framework; sourceTree = BUILT_PRODUCTS_DIR; };
/* End PBXFileReference section */

/* Begin PBXFileSystemSynchronizedBuildFileExceptionSet section */
		2B4DE1642D8B27B00094FDC1 /* Exceptions for "CrashlyticsLaunchDarklyDemo" folder in "CrashlyticsLaunchDarklyDemoTests" target */ = {
			isa = PBXFileSystemSynchronizedBuildFileExceptionSet;
			membershipExceptions = (
				"GoogleService-Info.plist",
			);
			target = 2B4DE1332D8B25700094FDC1 /* CrashlyticsLaunchDarklyDemoTests */;
		};
		2B4DE1652D8B27B00094FDC1 /* Exceptions for "CrashlyticsLaunchDarklyDemo" folder in "CrashlyticsLaunchDarklyDemoUITests" target */ = {
			isa = PBXFileSystemSynchronizedBuildFileExceptionSet;
			membershipExceptions = (
				"GoogleService-Info.plist",
			);
			target = 2B4DE13D2D8B25700094FDC1 /* CrashlyticsLaunchDarklyDemoUITests */;
		};
/* End PBXFileSystemSynchronizedBuildFileExceptionSet section */

/* Begin PBXFileSystemSynchronizedRootGroup section */
		2B4DE1262D8B256F0094FDC1 /* CrashlyticsLaunchDarklyDemo */ = {
			isa = PBXFileSystemSynchronizedRootGroup;
			exceptions = (
				2B4DE1642D8B27B00094FDC1 /* Exceptions for "CrashlyticsLaunchDarklyDemo" folder in "CrashlyticsLaunchDarklyDemoTests" target */,
				2B4DE1652D8B27B00094FDC1 /* Exceptions for "CrashlyticsLaunchDarklyDemo" folder in "CrashlyticsLaunchDarklyDemoUITests" target */,
			);
			path = CrashlyticsLaunchDarklyDemo;
			sourceTree = "<group>";
		};
		2B4DE1372D8B25700094FDC1 /* CrashlyticsLaunchDarklyDemoTests */ = {
			isa = PBXFileSystemSynchronizedRootGroup;
			path = CrashlyticsLaunchDarklyDemoTests;
			sourceTree = "<group>";
		};
		2B4DE1412D8B25700094FDC1 /* CrashlyticsLaunchDarklyDemoUITests */ = {
			isa = PBXFileSystemSynchronizedRootGroup;
			path = CrashlyticsLaunchDarklyDemoUITests;
			sourceTree = "<group>";
		};
/* End PBXFileSystemSynchronizedRootGroup section */

/* Begin PBXFrameworksBuildPhase section */
		2B4DE1212D8B256F0094FDC1 /* Frameworks */ = {
			isa = PBXFrameworksBuildPhase;
			buildActionMask = 2147483647;
			files = (
				741CC42F8AC71F2C248B538B /* Pods_CrashlyticsLaunchDarklyDemo.framework in Frameworks */,
			);
			runOnlyForDeploymentPostprocessing = 0;
		};
		2B4DE1312D8B25700094FDC1 /* Frameworks */ = {
			isa = PBXFrameworksBuildPhase;
			buildActionMask = 2147483647;
			files = (
				E844561F04C1EBCF18724975 /* Pods_CrashlyticsLaunchDarklyDemoTests.framework in Frameworks */,
			);
			runOnlyForDeploymentPostprocessing = 0;
		};
		2B4DE13B2D8B25700094FDC1 /* Frameworks */ = {
			isa = PBXFrameworksBuildPhase;
			buildActionMask = 2147483647;
			files = (
				E093220012F657A81784681F /* Pods_CrashlyticsLaunchDarklyDemo_CrashlyticsLaunchDarklyDemoUITests.framework in Frameworks */,
			);
			runOnlyForDeploymentPostprocessing = 0;
		};
/* End PBXFrameworksBuildPhase section */

/* Begin PBXGroup section */
		2B4DE11B2D8B256F0094FDC1 = {
			isa = PBXGroup;
			children = (
				2B4DE1262D8B256F0094FDC1 /* CrashlyticsLaunchDarklyDemo */,
				2B4DE1372D8B25700094FDC1 /* CrashlyticsLaunchDarklyDemoTests */,
				2B4DE1412D8B25700094FDC1 /* CrashlyticsLaunchDarklyDemoUITests */,
				2B4DE1252D8B256F0094FDC1 /* Products */,
				8FEF2895E731146BF6A95D9A /* Pods */,
				46F0513A517A06DE8A05C844 /* Frameworks */,
			);
			sourceTree = "<group>";
		};
		2B4DE1252D8B256F0094FDC1 /* Products */ = {
			isa = PBXGroup;
			children = (
				2B4DE1242D8B256F0094FDC1 /* CrashlyticsLaunchDarklyDemo.app */,
				2B4DE1342D8B25700094FDC1 /* CrashlyticsLaunchDarklyDemoTests.xctest */,
				2B4DE13E2D8B25700094FDC1 /* CrashlyticsLaunchDarklyDemoUITests.xctest */,
			);
			name = Products;
			sourceTree = "<group>";
		};
		46F0513A517A06DE8A05C844 /* Frameworks */ = {
			isa = PBXGroup;
			children = (
				FAAAC9E46958A0C6498B66E6 /* Pods_CrashlyticsLaunchDarklyDemo.framework */,
				4A74363D86E337DC861598EB /* Pods_CrashlyticsLaunchDarklyDemo_CrashlyticsLaunchDarklyDemoUITests.framework */,
				080509B6BDB62A697DD9C6AF /* Pods_CrashlyticsLaunchDarklyDemoTests.framework */,
			);
			name = Frameworks;
			sourceTree = "<group>";
		};
		8FEF2895E731146BF6A95D9A /* Pods */ = {
			isa = PBXGroup;
			children = (
				103C9DDCB61D0E56A2369CD5 /* Pods-CrashlyticsLaunchDarklyDemo.debug.xcconfig */,
				4FC79B2E067103CB67A5B4F6 /* Pods-CrashlyticsLaunchDarklyDemo.release.xcconfig */,
				A8903AC9C94CA00866E161AC /* Pods-CrashlyticsLaunchDarklyDemo-CrashlyticsLaunchDarklyDemoUITests.debug.xcconfig */,
				74183C10D1B187216D97E048 /* Pods-CrashlyticsLaunchDarklyDemo-CrashlyticsLaunchDarklyDemoUITests.release.xcconfig */,
				77D4A070FF0BD1036F10E5DA /* Pods-CrashlyticsLaunchDarklyDemoTests.debug.xcconfig */,
				CCA8DD266961EC954610E9DB /* Pods-CrashlyticsLaunchDarklyDemoTests.release.xcconfig */,
			);
			path = Pods;
			sourceTree = "<group>";
		};
/* End PBXGroup section */

/* Begin PBXNativeTarget section */
		2B4DE1232D8B256F0094FDC1 /* CrashlyticsLaunchDarklyDemo */ = {
			isa = PBXNativeTarget;
			buildConfigurationList = 2B4DE1482D8B25700094FDC1 /* Build configuration list for PBXNativeTarget "CrashlyticsLaunchDarklyDemo" */;
			buildPhases = (
				CE556E4139862E90F9A9C0D6 /* [CP] Check Pods Manifest.lock */,
				2B4DE1202D8B256F0094FDC1 /* Sources */,
				2B4DE1212D8B256F0094FDC1 /* Frameworks */,
				2B4DE1222D8B256F0094FDC1 /* Resources */,
				2C727CEABA7B69B45F38342E /* [CP] Embed Pods Frameworks */,
			);
			buildRules = (
			);
			dependencies = (
			);
			fileSystemSynchronizedGroups = (
				2B4DE1262D8B256F0094FDC1 /* CrashlyticsLaunchDarklyDemo */,
			);
			name = CrashlyticsLaunchDarklyDemo;
			productName = CrashlyticsLaunchDarklyDemo;
			productReference = 2B4DE1242D8B256F0094FDC1 /* CrashlyticsLaunchDarklyDemo.app */;
			productType = "com.apple.product-type.application";
		};
		2B4DE1332D8B25700094FDC1 /* CrashlyticsLaunchDarklyDemoTests */ = {
			isa = PBXNativeTarget;
			buildConfigurationList = 2B4DE14B2D8B25700094FDC1 /* Build configuration list for PBXNativeTarget "CrashlyticsLaunchDarklyDemoTests" */;
			buildPhases = (
				C2E6F45E72FF60A0F1636F5B /* [CP] Check Pods Manifest.lock */,
				2B4DE1302D8B25700094FDC1 /* Sources */,
				2B4DE1312D8B25700094FDC1 /* Frameworks */,
				2B4DE1322D8B25700094FDC1 /* Resources */,
			);
			buildRules = (
			);
			dependencies = (
				2B4DE1362D8B25700094FDC1 /* PBXTargetDependency */,
			);
			fileSystemSynchronizedGroups = (
				2B4DE1372D8B25700094FDC1 /* CrashlyticsLaunchDarklyDemoTests */,
			);
			name = CrashlyticsLaunchDarklyDemoTests;
			productName = CrashlyticsLaunchDarklyDemoTests;
			productReference = 2B4DE1342D8B25700094FDC1 /* CrashlyticsLaunchDarklyDemoTests.xctest */;
			productType = "com.apple.product-type.bundle.unit-test";
		};
		2B4DE13D2D8B25700094FDC1 /* CrashlyticsLaunchDarklyDemoUITests */ = {
			isa = PBXNativeTarget;
			buildConfigurationList = 2B4DE14E2D8B25700094FDC1 /* Build configuration list for PBXNativeTarget "CrashlyticsLaunchDarklyDemoUITests" */;
			buildPhases = (
				738EDE75C52BBA355A52C308 /* [CP] Check Pods Manifest.lock */,
				2B4DE13A2D8B25700094FDC1 /* Sources */,
				2B4DE13B2D8B25700094FDC1 /* Frameworks */,
				2B4DE13C2D8B25700094FDC1 /* Resources */,
				889725BA503742072B81B3F8 /* [CP] Embed Pods Frameworks */,
			);
			buildRules = (
			);
			dependencies = (
				2B4DE1402D8B25700094FDC1 /* PBXTargetDependency */,
			);
			fileSystemSynchronizedGroups = (
				2B4DE1412D8B25700094FDC1 /* CrashlyticsLaunchDarklyDemoUITests */,
			);
			name = CrashlyticsLaunchDarklyDemoUITests;
			productName = CrashlyticsLaunchDarklyDemoUITests;
			productReference = 2B4DE13E2D8B25700094FDC1 /* CrashlyticsLaunchDarklyDemoUITests.xctest */;
			productType = "com.apple.product-type.bundle.ui-testing";
		};
/* End PBXNativeTarget section */

/* Begin PBXProject section */
		2B4DE11C2D8B256F0094FDC1 /* Project object */ = {
			isa = PBXProject;
			attributes = {
				BuildIndependentTargetsInParallel = 1;
				LastSwiftUpdateCheck = 1620;
				LastUpgradeCheck = 1620;
				TargetAttributes = {
					2B4DE1232D8B256F0094FDC1 = {
						CreatedOnToolsVersion = 16.2;
					};
					2B4DE1332D8B25700094FDC1 = {
						CreatedOnToolsVersion = 16.2;
						TestTargetID = 2B4DE1232D8B256F0094FDC1;
					};
					2B4DE13D2D8B25700094FDC1 = {
						CreatedOnToolsVersion = 16.2;
						TestTargetID = 2B4DE1232D8B256F0094FDC1;
					};
				};
			};
			buildConfigurationList = 2B4DE11F2D8B256F0094FDC1 /* Build configuration list for PBXProject "CrashlyticsLaunchDarklyDemo" */;
			developmentRegion = en;
			hasScannedForEncodings = 0;
			knownRegions = (
				en,
				Base,
			);
			mainGroup = 2B4DE11B2D8B256F0094FDC1;
			minimizedProjectReferenceProxies = 1;
			preferredProjectObjectVersion = 77;
			productRefGroup = 2B4DE1252D8B256F0094FDC1 /* Products */;
			projectDirPath = "";
			projectRoot = "";
			targets = (
				2B4DE1232D8B256F0094FDC1 /* CrashlyticsLaunchDarklyDemo */,
				2B4DE1332D8B25700094FDC1 /* CrashlyticsLaunchDarklyDemoTests */,
				2B4DE13D2D8B25700094FDC1 /* CrashlyticsLaunchDarklyDemoUITests */,
			);
		};
/* End PBXProject section */

/* Begin PBXResourcesBuildPhase section */
		2B4DE1222D8B256F0094FDC1 /* Resources */ = {
			isa = PBXResourcesBuildPhase;
			buildActionMask = 2147483647;
			files = (
			);
			runOnlyForDeploymentPostprocessing = 0;
		};
		2B4DE1322D8B25700094FDC1 /* Resources */ = {
			isa = PBXResourcesBuildPhase;
			buildActionMask = 2147483647;
			files = (
			);
			runOnlyForDeploymentPostprocessing = 0;
		};
		2B4DE13C2D8B25700094FDC1 /* Resources */ = {
			isa = PBXResourcesBuildPhase;
			buildActionMask = 2147483647;
			files = (
			);
			runOnlyForDeploymentPostprocessing = 0;
		};
/* End PBXResourcesBuildPhase section */

/* Begin PBXShellScriptBuildPhase section */
		2C727CEABA7B69B45F38342E /* [CP] Embed Pods Frameworks */ = {
			isa = PBXShellScriptBuildPhase;
			buildActionMask = 2147483647;
			files = (
			);
			inputFileListPaths = (
				"${PODS_ROOT}/Target Support Files/Pods-CrashlyticsLaunchDarklyDemo/Pods-CrashlyticsLaunchDarklyDemo-frameworks-${CONFIGURATION}-input-files.xcfilelist",
			);
			name = "[CP] Embed Pods Frameworks";
			outputFileListPaths = (
				"${PODS_ROOT}/Target Support Files/Pods-CrashlyticsLaunchDarklyDemo/Pods-CrashlyticsLaunchDarklyDemo-frameworks-${CONFIGURATION}-output-files.xcfilelist",
			);
			runOnlyForDeploymentPostprocessing = 0;
			shellPath = /bin/sh;
			shellScript = "\"${PODS_ROOT}/Target Support Files/Pods-CrashlyticsLaunchDarklyDemo/Pods-CrashlyticsLaunchDarklyDemo-frameworks.sh\"\n";
			showEnvVarsInLog = 0;
		};
		738EDE75C52BBA355A52C308 /* [CP] Check Pods Manifest.lock */ = {
			isa = PBXShellScriptBuildPhase;
			buildActionMask = 2147483647;
			files = (
			);
			inputFileListPaths = (
			);
			inputPaths = (
				"${PODS_PODFILE_DIR_PATH}/Podfile.lock",
				"${PODS_ROOT}/Manifest.lock",
			);
			name = "[CP] Check Pods Manifest.lock";
			outputFileListPaths = (
			);
			outputPaths = (
				"$(DERIVED_FILE_DIR)/Pods-CrashlyticsLaunchDarklyDemo-CrashlyticsLaunchDarklyDemoUITests-checkManifestLockResult.txt",
			);
			runOnlyForDeploymentPostprocessing = 0;
			shellPath = /bin/sh;
			shellScript = "diff \"${PODS_PODFILE_DIR_PATH}/Podfile.lock\" \"${PODS_ROOT}/Manifest.lock\" > /dev/null\nif [ $? != 0 ] ; then\n    # print error to STDERR\n    echo \"error: The sandbox is not in sync with the Podfile.lock. Run 'pod install' or update your CocoaPods installation.\" >&2\n    exit 1\nfi\n# This output is used by Xcode 'outputs' to avoid re-running this script phase.\necho \"SUCCESS\" > \"${SCRIPT_OUTPUT_FILE_0}\"\n";
			showEnvVarsInLog = 0;
		};
		889725BA503742072B81B3F8 /* [CP] Embed Pods Frameworks */ = {
			isa = PBXShellScriptBuildPhase;
			buildActionMask = 2147483647;
			files = (
			);
			inputFileListPaths = (
				"${PODS_ROOT}/Target Support Files/Pods-CrashlyticsLaunchDarklyDemo-CrashlyticsLaunchDarklyDemoUITests/Pods-CrashlyticsLaunchDarklyDemo-CrashlyticsLaunchDarklyDemoUITests-frameworks-${CONFIGURATION}-input-files.xcfilelist",
			);
			name = "[CP] Embed Pods Frameworks";
			outputFileListPaths = (
				"${PODS_ROOT}/Target Support Files/Pods-CrashlyticsLaunchDarklyDemo-CrashlyticsLaunchDarklyDemoUITests/Pods-CrashlyticsLaunchDarklyDemo-CrashlyticsLaunchDarklyDemoUITests-frameworks-${CONFIGURATION}-output-files.xcfilelist",
			);
			runOnlyForDeploymentPostprocessing = 0;
			shellPath = /bin/sh;
			shellScript = "\"${PODS_ROOT}/Target Support Files/Pods-CrashlyticsLaunchDarklyDemo-CrashlyticsLaunchDarklyDemoUITests/Pods-CrashlyticsLaunchDarklyDemo-CrashlyticsLaunchDarklyDemoUITests-frameworks.sh\"\n";
			showEnvVarsInLog = 0;
		};
		C2E6F45E72FF60A0F1636F5B /* [CP] Check Pods Manifest.lock */ = {
			isa = PBXShellScriptBuildPhase;
			buildActionMask = 2147483647;
			files = (
			);
			inputFileListPaths = (
			);
			inputPaths = (
				"${PODS_PODFILE_DIR_PATH}/Podfile.lock",
				"${PODS_ROOT}/Manifest.lock",
			);
			name = "[CP] Check Pods Manifest.lock";
			outputFileListPaths = (
			);
			outputPaths = (
				"$(DERIVED_FILE_DIR)/Pods-CrashlyticsLaunchDarklyDemoTests-checkManifestLockResult.txt",
			);
			runOnlyForDeploymentPostprocessing = 0;
			shellPath = /bin/sh;
			shellScript = "diff \"${PODS_PODFILE_DIR_PATH}/Podfile.lock\" \"${PODS_ROOT}/Manifest.lock\" > /dev/null\nif [ $? != 0 ] ; then\n    # print error to STDERR\n    echo \"error: The sandbox is not in sync with the Podfile.lock. Run 'pod install' or update your CocoaPods installation.\" >&2\n    exit 1\nfi\n# This output is used by Xcode 'outputs' to avoid re-running this script phase.\necho \"SUCCESS\" > \"${SCRIPT_OUTPUT_FILE_0}\"\n";
			showEnvVarsInLog = 0;
		};
		CE556E4139862E90F9A9C0D6 /* [CP] Check Pods Manifest.lock */ = {
			isa = PBXShellScriptBuildPhase;
			buildActionMask = 2147483647;
			files = (
			);
			inputFileListPaths = (
			);
			inputPaths = (
				"${PODS_PODFILE_DIR_PATH}/Podfile.lock",
				"${PODS_ROOT}/Manifest.lock",
			);
			name = "[CP] Check Pods Manifest.lock";
			outputFileListPaths = (
			);
			outputPaths = (
				"$(DERIVED_FILE_DIR)/Pods-CrashlyticsLaunchDarklyDemo-checkManifestLockResult.txt",
			);
			runOnlyForDeploymentPostprocessing = 0;
			shellPath = /bin/sh;
			shellScript = "diff \"${PODS_PODFILE_DIR_PATH}/Podfile.lock\" \"${PODS_ROOT}/Manifest.lock\" > /dev/null\nif [ $? != 0 ] ; then\n    # print error to STDERR\n    echo \"error: The sandbox is not in sync with the Podfile.lock. Run 'pod install' or update your CocoaPods installation.\" >&2\n    exit 1\nfi\n# This output is used by Xcode 'outputs' to avoid re-running this script phase.\necho \"SUCCESS\" > \"${SCRIPT_OUTPUT_FILE_0}\"\n";
			showEnvVarsInLog = 0;
		};
/* End PBXShellScriptBuildPhase section */

/* Begin PBXSourcesBuildPhase section */
		2B4DE1202D8B256F0094FDC1 /* Sources */ = {
			isa = PBXSourcesBuildPhase;
			buildActionMask = 2147483647;
			files = (
			);
			runOnlyForDeploymentPostprocessing = 0;
		};
		2B4DE1302D8B25700094FDC1 /* Sources */ = {
			isa = PBXSourcesBuildPhase;
			buildActionMask = 2147483647;
			files = (
			);
			runOnlyForDeploymentPostprocessing = 0;
		};
		2B4DE13A2D8B25700094FDC1 /* Sources */ = {
			isa = PBXSourcesBuildPhase;
			buildActionMask = 2147483647;
			files = (
			);
			runOnlyForDeploymentPostprocessing = 0;
		};
/* End PBXSourcesBuildPhase section */

/* Begin PBXTargetDependency section */
		2B4DE1362D8B25700094FDC1 /* PBXTargetDependency */ = {
			isa = PBXTargetDependency;
			target = 2B4DE1232D8B256F0094FDC1 /* CrashlyticsLaunchDarklyDemo */;
			targetProxy = 2B4DE1352D8B25700094FDC1 /* PBXContainerItemProxy */;
		};
		2B4DE1402D8B25700094FDC1 /* PBXTargetDependency */ = {
			isa = PBXTargetDependency;
			target = 2B4DE1232D8B256F0094FDC1 /* CrashlyticsLaunchDarklyDemo */;
			targetProxy = 2B4DE13F2D8B25700094FDC1 /* PBXContainerItemProxy */;
		};
/* End PBXTargetDependency section */

/* Begin XCBuildConfiguration section */
		2B4DE1462D8B25700094FDC1 /* Debug */ = {
			isa = XCBuildConfiguration;
			buildSettings = {
				ALWAYS_SEARCH_USER_PATHS = NO;
				ASSETCATALOG_COMPILER_GENERATE_SWIFT_ASSET_SYMBOL_EXTENSIONS = YES;
				CLANG_ANALYZER_NONNULL = YES;
				CLANG_ANALYZER_NUMBER_OBJECT_CONVERSION = YES_AGGRESSIVE;
				CLANG_CXX_LANGUAGE_STANDARD = "gnu++20";
				CLANG_ENABLE_MODULES = YES;
				CLANG_ENABLE_OBJC_ARC = YES;
				CLANG_ENABLE_OBJC_WEAK = YES;
				CLANG_WARN_BLOCK_CAPTURE_AUTORELEASING = YES;
				CLANG_WARN_BOOL_CONVERSION = YES;
				CLANG_WARN_COMMA = YES;
				CLANG_WARN_CONSTANT_CONVERSION = YES;
				CLANG_WARN_DEPRECATED_OBJC_IMPLEMENTATIONS = YES;
				CLANG_WARN_DIRECT_OBJC_ISA_USAGE = YES_ERROR;
				CLANG_WARN_DOCUMENTATION_COMMENTS = YES;
				CLANG_WARN_EMPTY_BODY = YES;
				CLANG_WARN_ENUM_CONVERSION = YES;
				CLANG_WARN_INFINITE_RECURSION = YES;
				CLANG_WARN_INT_CONVERSION = YES;
				CLANG_WARN_NON_LITERAL_NULL_CONVERSION = YES;
				CLANG_WARN_OBJC_IMPLICIT_RETAIN_SELF = YES;
				CLANG_WARN_OBJC_LITERAL_CONVERSION = YES;
				CLANG_WARN_OBJC_ROOT_CLASS = YES_ERROR;
				CLANG_WARN_QUOTED_INCLUDE_IN_FRAMEWORK_HEADER = YES;
				CLANG_WARN_RANGE_LOOP_ANALYSIS = YES;
				CLANG_WARN_STRICT_PROTOTYPES = YES;
				CLANG_WARN_SUSPICIOUS_MOVE = YES;
				CLANG_WARN_UNGUARDED_AVAILABILITY = YES_AGGRESSIVE;
				CLANG_WARN_UNREACHABLE_CODE = YES;
				CLANG_WARN__DUPLICATE_METHOD_MATCH = YES;
				COPY_PHASE_STRIP = NO;
				DEBUG_INFORMATION_FORMAT = dwarf;
				ENABLE_STRICT_OBJC_MSGSEND = YES;
				ENABLE_TESTABILITY = YES;
				ENABLE_USER_SCRIPT_SANDBOXING = NO;
				GCC_C_LANGUAGE_STANDARD = gnu17;
				GCC_DYNAMIC_NO_PIC = NO;
				GCC_NO_COMMON_BLOCKS = YES;
				GCC_OPTIMIZATION_LEVEL = 0;
				GCC_PREPROCESSOR_DEFINITIONS = (
					"DEBUG=1",
					"$(inherited)",
				);
				GCC_WARN_64_TO_32_BIT_CONVERSION = YES;
				GCC_WARN_ABOUT_RETURN_TYPE = YES_ERROR;
				GCC_WARN_UNDECLARED_SELECTOR = YES;
				GCC_WARN_UNINITIALIZED_AUTOS = YES_AGGRESSIVE;
				GCC_WARN_UNUSED_FUNCTION = YES;
				GCC_WARN_UNUSED_VARIABLE = YES;
				IPHONEOS_DEPLOYMENT_TARGET = 18.2;
				LOCALIZATION_PREFERS_STRING_CATALOGS = YES;
				MTL_ENABLE_DEBUG_INFO = INCLUDE_SOURCE;
				MTL_FAST_MATH = YES;
				ONLY_ACTIVE_ARCH = YES;
				SDKROOT = iphoneos;
				SWIFT_ACTIVE_COMPILATION_CONDITIONS = "DEBUG $(inherited)";
				SWIFT_OPTIMIZATION_LEVEL = "-Onone";
			};
			name = Debug;
		};
		2B4DE1472D8B25700094FDC1 /* Release */ = {
			isa = XCBuildConfiguration;
			buildSettings = {
				ALWAYS_SEARCH_USER_PATHS = NO;
				ASSETCATALOG_COMPILER_GENERATE_SWIFT_ASSET_SYMBOL_EXTENSIONS = YES;
				CLANG_ANALYZER_NONNULL = YES;
				CLANG_ANALYZER_NUMBER_OBJECT_CONVERSION = YES_AGGRESSIVE;
				CLANG_CXX_LANGUAGE_STANDARD = "gnu++20";
				CLANG_ENABLE_MODULES = YES;
				CLANG_ENABLE_OBJC_ARC = YES;
				CLANG_ENABLE_OBJC_WEAK = YES;
				CLANG_WARN_BLOCK_CAPTURE_AUTORELEASING = YES;
				CLANG_WARN_BOOL_CONVERSION = YES;
				CLANG_WARN_COMMA = YES;
				CLANG_WARN_CONSTANT_CONVERSION = YES;
				CLANG_WARN_DEPRECATED_OBJC_IMPLEMENTATIONS = YES;
				CLANG_WARN_DIRECT_OBJC_ISA_USAGE = YES_ERROR;
				CLANG_WARN_DOCUMENTATION_COMMENTS = YES;
				CLANG_WARN_EMPTY_BODY = YES;
				CLANG_WARN_ENUM_CONVERSION = YES;
				CLANG_WARN_INFINITE_RECURSION = YES;
				CLANG_WARN_INT_CONVERSION = YES;
				CLANG_WARN_NON_LITERAL_NULL_CONVERSION = YES;
				CLANG_WARN_OBJC_IMPLICIT_RETAIN_SELF = YES;
				CLANG_WARN_OBJC_LITERAL_CONVERSION = YES;
				CLANG_WARN_OBJC_ROOT_CLASS = YES_ERROR;
				CLANG_WARN_QUOTED_INCLUDE_IN_FRAMEWORK_HEADER = YES;
				CLANG_WARN_RANGE_LOOP_ANALYSIS = YES;
				CLANG_WARN_STRICT_PROTOTYPES = YES;
				CLANG_WARN_SUSPICIOUS_MOVE = YES;
				CLANG_WARN_UNGUARDED_AVAILABILITY = YES_AGGRESSIVE;
				CLANG_WARN_UNREACHABLE_CODE = YES;
				CLANG_WARN__DUPLICATE_METHOD_MATCH = YES;
				COPY_PHASE_STRIP = NO;
				DEBUG_INFORMATION_FORMAT = "dwarf-with-dsym";
				ENABLE_NS_ASSERTIONS = NO;
				ENABLE_STRICT_OBJC_MSGSEND = YES;
				ENABLE_USER_SCRIPT_SANDBOXING = NO;
				GCC_C_LANGUAGE_STANDARD = gnu17;
				GCC_NO_COMMON_BLOCKS = YES;
				GCC_WARN_64_TO_32_BIT_CONVERSION = YES;
				GCC_WARN_ABOUT_RETURN_TYPE = YES_ERROR;
				GCC_WARN_UNDECLARED_SELECTOR = YES;
				GCC_WARN_UNINITIALIZED_AUTOS = YES_AGGRESSIVE;
				GCC_WARN_UNUSED_FUNCTION = YES;
				GCC_WARN_UNUSED_VARIABLE = YES;
				IPHONEOS_DEPLOYMENT_TARGET = 18.2;
				LOCALIZATION_PREFERS_STRING_CATALOGS = YES;
				MTL_ENABLE_DEBUG_INFO = NO;
				MTL_FAST_MATH = YES;
				SDKROOT = iphoneos;
				SWIFT_COMPILATION_MODE = wholemodule;
				VALIDATE_PRODUCT = YES;
			};
			name = Release;
		};
		2B4DE1492D8B25700094FDC1 /* Debug */ = {
			isa = XCBuildConfiguration;
			baseConfigurationReference = 103C9DDCB61D0E56A2369CD5 /* Pods-CrashlyticsLaunchDarklyDemo.debug.xcconfig */;
			buildSettings = {
				ASSETCATALOG_COMPILER_APPICON_NAME = AppIcon;
				ASSETCATALOG_COMPILER_GLOBAL_ACCENT_COLOR_NAME = AccentColor;
				CODE_SIGN_IDENTITY = "Apple Development";
				CODE_SIGN_STYLE = Automatic;
				CURRENT_PROJECT_VERSION = 1;
				DEVELOPMENT_ASSET_PATHS = "\"CrashlyticsLaunchDarklyDemo/Preview Content\"";
				DEVELOPMENT_TEAM = 5252995SNU;
				ENABLE_PREVIEWS = YES;
				ENABLE_USER_SCRIPT_SANDBOXING = NO;
				GENERATE_INFOPLIST_FILE = YES;
				INFOPLIST_KEY_UIApplicationSceneManifest_Generation = YES;
				INFOPLIST_KEY_UIApplicationSupportsIndirectInputEvents = YES;
				INFOPLIST_KEY_UILaunchScreen_Generation = YES;
				INFOPLIST_KEY_UISupportedInterfaceOrientations_iPad = "UIInterfaceOrientationPortrait UIInterfaceOrientationPortraitUpsideDown UIInterfaceOrientationLandscapeLeft UIInterfaceOrientationLandscapeRight";
				INFOPLIST_KEY_UISupportedInterfaceOrientations_iPhone = "UIInterfaceOrientationPortrait UIInterfaceOrientationLandscapeLeft UIInterfaceOrientationLandscapeRight";
				LD_RUNPATH_SEARCH_PATHS = (
					"$(inherited)",
					"@executable_path/Frameworks",
				);
				MARKETING_VERSION = 1.0;
				PRODUCT_BUNDLE_IDENTIFIER = LaunchDarkly.CrashlyticsLaunchDarklyDemo;
				PRODUCT_NAME = "$(TARGET_NAME)";
				PROVISIONING_PROFILE_SPECIFIER = "";
				SWIFT_EMIT_LOC_STRINGS = YES;
				SWIFT_VERSION = 5.0;
				TARGETED_DEVICE_FAMILY = "1,2";
			};
			name = Debug;
		};
		2B4DE14A2D8B25700094FDC1 /* Release */ = {
			isa = XCBuildConfiguration;
			baseConfigurationReference = 4FC79B2E067103CB67A5B4F6 /* Pods-CrashlyticsLaunchDarklyDemo.release.xcconfig */;
			buildSettings = {
				ASSETCATALOG_COMPILER_APPICON_NAME = AppIcon;
				ASSETCATALOG_COMPILER_GLOBAL_ACCENT_COLOR_NAME = AccentColor;
				CODE_SIGN_IDENTITY = "Apple Development";
				CODE_SIGN_STYLE = Automatic;
				CURRENT_PROJECT_VERSION = 1;
				DEVELOPMENT_ASSET_PATHS = "\"CrashlyticsLaunchDarklyDemo/Preview Content\"";
				DEVELOPMENT_TEAM = 5252995SNU;
				ENABLE_PREVIEWS = YES;
				ENABLE_USER_SCRIPT_SANDBOXING = NO;
				GENERATE_INFOPLIST_FILE = YES;
				INFOPLIST_KEY_UIApplicationSceneManifest_Generation = YES;
				INFOPLIST_KEY_UIApplicationSupportsIndirectInputEvents = YES;
				INFOPLIST_KEY_UILaunchScreen_Generation = YES;
				INFOPLIST_KEY_UISupportedInterfaceOrientations_iPad = "UIInterfaceOrientationPortrait UIInterfaceOrientationPortraitUpsideDown UIInterfaceOrientationLandscapeLeft UIInterfaceOrientationLandscapeRight";
				INFOPLIST_KEY_UISupportedInterfaceOrientations_iPhone = "UIInterfaceOrientationPortrait UIInterfaceOrientationLandscapeLeft UIInterfaceOrientationLandscapeRight";
				LD_RUNPATH_SEARCH_PATHS = (
					"$(inherited)",
					"@executable_path/Frameworks",
				);
				MARKETING_VERSION = 1.0;
				PRODUCT_BUNDLE_IDENTIFIER = LaunchDarkly.CrashlyticsLaunchDarklyDemo;
				PRODUCT_NAME = "$(TARGET_NAME)";
				PROVISIONING_PROFILE_SPECIFIER = "";
				SWIFT_EMIT_LOC_STRINGS = YES;
				SWIFT_VERSION = 5.0;
				TARGETED_DEVICE_FAMILY = "1,2";
			};
			name = Release;
		};
		2B4DE14C2D8B25700094FDC1 /* Debug */ = {
			isa = XCBuildConfiguration;
			baseConfigurationReference = 77D4A070FF0BD1036F10E5DA /* Pods-CrashlyticsLaunchDarklyDemoTests.debug.xcconfig */;
			buildSettings = {
				BUNDLE_LOADER = "$(TEST_HOST)";
				CODE_SIGN_STYLE = Automatic;
				CURRENT_PROJECT_VERSION = 1;
				GENERATE_INFOPLIST_FILE = YES;
				IPHONEOS_DEPLOYMENT_TARGET = 18.2;
				MARKETING_VERSION = 1.0;
				PRODUCT_BUNDLE_IDENTIFIER = LaunchDarkly.CrashlyticsLaunchDarklyDemoTests;
				PRODUCT_NAME = "$(TARGET_NAME)";
				SWIFT_EMIT_LOC_STRINGS = NO;
				SWIFT_VERSION = 5.0;
				TARGETED_DEVICE_FAMILY = "1,2";
				TEST_HOST = "$(BUILT_PRODUCTS_DIR)/CrashlyticsLaunchDarklyDemo.app/$(BUNDLE_EXECUTABLE_FOLDER_PATH)/CrashlyticsLaunchDarklyDemo";
			};
			name = Debug;
		};
		2B4DE14D2D8B25700094FDC1 /* Release */ = {
			isa = XCBuildConfiguration;
			baseConfigurationReference = CCA8DD266961EC954610E9DB /* Pods-CrashlyticsLaunchDarklyDemoTests.release.xcconfig */;
			buildSettings = {
				BUNDLE_LOADER = "$(TEST_HOST)";
				CODE_SIGN_STYLE = Automatic;
				CURRENT_PROJECT_VERSION = 1;
				GENERATE_INFOPLIST_FILE = YES;
				IPHONEOS_DEPLOYMENT_TARGET = 18.2;
				MARKETING_VERSION = 1.0;
				PRODUCT_BUNDLE_IDENTIFIER = LaunchDarkly.CrashlyticsLaunchDarklyDemoTests;
				PRODUCT_NAME = "$(TARGET_NAME)";
				SWIFT_EMIT_LOC_STRINGS = NO;
				SWIFT_VERSION = 5.0;
				TARGETED_DEVICE_FAMILY = "1,2";
				TEST_HOST = "$(BUILT_PRODUCTS_DIR)/CrashlyticsLaunchDarklyDemo.app/$(BUNDLE_EXECUTABLE_FOLDER_PATH)/CrashlyticsLaunchDarklyDemo";
			};
			name = Release;
		};
		2B4DE14F2D8B25700094FDC1 /* Debug */ = {
			isa = XCBuildConfiguration;
			baseConfigurationReference = A8903AC9C94CA00866E161AC /* Pods-CrashlyticsLaunchDarklyDemo-CrashlyticsLaunchDarklyDemoUITests.debug.xcconfig */;
			buildSettings = {
				CODE_SIGN_STYLE = Automatic;
				CURRENT_PROJECT_VERSION = 1;
				GENERATE_INFOPLIST_FILE = YES;
				MARKETING_VERSION = 1.0;
				PRODUCT_BUNDLE_IDENTIFIER = LaunchDarkly.CrashlyticsLaunchDarklyDemoUITests;
				PRODUCT_NAME = "$(TARGET_NAME)";
				SWIFT_EMIT_LOC_STRINGS = NO;
				SWIFT_VERSION = 5.0;
				TARGETED_DEVICE_FAMILY = "1,2";
				TEST_TARGET_NAME = CrashlyticsLaunchDarklyDemo;
			};
			name = Debug;
		};
		2B4DE1502D8B25700094FDC1 /* Release */ = {
			isa = XCBuildConfiguration;
			baseConfigurationReference = 74183C10D1B187216D97E048 /* Pods-CrashlyticsLaunchDarklyDemo-CrashlyticsLaunchDarklyDemoUITests.release.xcconfig */;
			buildSettings = {
				CODE_SIGN_STYLE = Automatic;
				CURRENT_PROJECT_VERSION = 1;
				GENERATE_INFOPLIST_FILE = YES;
				MARKETING_VERSION = 1.0;
				PRODUCT_BUNDLE_IDENTIFIER = LaunchDarkly.CrashlyticsLaunchDarklyDemoUITests;
				PRODUCT_NAME = "$(TARGET_NAME)";
				SWIFT_EMIT_LOC_STRINGS = NO;
				SWIFT_VERSION = 5.0;
				TARGETED_DEVICE_FAMILY = "1,2";
				TEST_TARGET_NAME = CrashlyticsLaunchDarklyDemo;
			};
			name = Release;
		};
/* End XCBuildConfiguration section */

/* Begin XCConfigurationList section */
		2B4DE11F2D8B256F0094FDC1 /* Build configuration list for PBXProject "CrashlyticsLaunchDarklyDemo" */ = {
			isa = XCConfigurationList;
			buildConfigurations = (
				2B4DE1462D8B25700094FDC1 /* Debug */,
				2B4DE1472D8B25700094FDC1 /* Release */,
			);
			defaultConfigurationIsVisible = 0;
			defaultConfigurationName = Release;
		};
		2B4DE1482D8B25700094FDC1 /* Build configuration list for PBXNativeTarget "CrashlyticsLaunchDarklyDemo" */ = {
			isa = XCConfigurationList;
			buildConfigurations = (
				2B4DE1492D8B25700094FDC1 /* Debug */,
				2B4DE14A2D8B25700094FDC1 /* Release */,
			);
			defaultConfigurationIsVisible = 0;
			defaultConfigurationName = Release;
		};
		2B4DE14B2D8B25700094FDC1 /* Build configuration list for PBXNativeTarget "CrashlyticsLaunchDarklyDemoTests" */ = {
			isa = XCConfigurationList;
			buildConfigurations = (
				2B4DE14C2D8B25700094FDC1 /* Debug */,
				2B4DE14D2D8B25700094FDC1 /* Release */,
			);
			defaultConfigurationIsVisible = 0;
			defaultConfigurationName = Release;
		};
		2B4DE14E2D8B25700094FDC1 /* Build configuration list for PBXNativeTarget "CrashlyticsLaunchDarklyDemoUITests" */ = {
			isa = XCConfigurationList;
			buildConfigurations = (
				2B4DE14F2D8B25700094FDC1 /* Debug */,
				2B4DE1502D8B25700094FDC1 /* Release */,
			);
			defaultConfigurationIsVisible = 0;
			defaultConfigurationName = Release;
		};
/* End XCConfigurationList section */
	};
	rootObject = 2B4DE11C2D8B256F0094FDC1 /* Project object */;
}
